
Microsoft Visual Studio Solution File, Format Version 11.00
# Visual Studio 2010
Project("{E24C65DC-7377-472B-9ABA-BC803B73C61A}") = "Presentacion", "Presentacion\", "{65957D9C-F811-46B6-9C24-69B89E6CFE38}"
	ProjectSection(WebsiteProperties) = preProject
		TargetFrameworkMoniker = ".NETFramework,Version%3Dv4.0"
		ProjectReferences = "{9A07A084-A49D-424E-9DF9-6C785D709507}|Entidades.dll;{B85B6952-1A24-4DDE-98EF-7B0BE1DAEC02}|Logica.dll;{04C08CBF-98DB-459E-A28C-1B2730C104AD}|Persistencia.dll;"
		Debug.AspNetCompiler.VirtualPath = "/Presentacion"
		Debug.AspNetCompiler.PhysicalPath = "Presentacion\"
		Debug.AspNetCompiler.TargetPath = "PrecompiledWeb\Presentacion\"
		Debug.AspNetCompiler.Updateable = "true"
		Debug.AspNetCompiler.ForceOverwrite = "true"
		Debug.AspNetCompiler.FixedNames = "false"
		Debug.AspNetCompiler.Debug = "True"
		Release.AspNetCompiler.VirtualPath = "/Presentacion"
		Release.AspNetCompiler.PhysicalPath = "Presentacion\"
		Release.AspNetCompiler.TargetPath = "PrecompiledWeb\Presentacion\"
		Release.AspNetCompiler.Updateable = "true"
		Release.AspNetCompiler.ForceOverwrite = "true"
		Release.AspNetCompiler.FixedNames = "false"
		Release.AspNetCompiler.Debug = "False"
		VWDPort = "51390"
		DefaultWebSiteLanguage = "Visual C#"
	EndProjectSection
EndProject
Project("{FAE04EC0-301F-11D3-BF4B-00C04F79EFBC}") = "Entidades", "EntidadesCompartidas\EntCompartidas\Entidades.csproj", "{9A07A084-A49D-424E-9DF9-6C785D709507}"
EndProject
Project("{FAE04EC0-301F-11D3-BF4B-00C04F79EFBC}") = "Logica", "LogicaNegocios\Logica\Logica.csproj", "{B85B6952-1A24-4DDE-98EF-7B0BE1DAEC02}"
EndProject
Project("{FAE04EC0-301F-11D3-BF4B-00C04F79EFBC}") = "Persistencia", "PersistenciaDatos\Persistencia\Persistencia.csproj", "{04C08CBF-98DB-459E-A28C-1B2730C104AD}"
EndProject
Global
	GlobalSection(SolutionConfigurationPlatforms) = preSolution
		Debug|Any CPU = Debug|Any CPU
		Release|Any CPU = Release|Any CPU
	EndGlobalSection
	GlobalSection(ProjectConfigurationPlatforms) = postSolution
		{65957D9C-F811-46B6-9C24-69B89E6CFE38}.Debug|Any CPU.ActiveCfg = Debug|Any CPU
		{65957D9C-F811-46B6-9C24-69B89E6CFE38}.Debug|Any CPU.Build.0 = Debug|Any CPU
		{65957D9C-F811-46B6-9C24-69B89E6CFE38}.Release|Any CPU.ActiveCfg = Debug|Any CPU
		{65957D9C-F811-46B6-9C24-69B89E6CFE38}.Release|Any CPU.Build.0 = Debug|Any CPU
		{9A07A084-A49D-424E-9DF9-6C785D709507}.Debug|Any CPU.ActiveCfg = Debug|Any CPU
		{9A07A084-A49D-424E-9DF9-6C785D709507}.Debug|Any CPU.Build.0 = Debug|Any CPU
		{9A07A084-A49D-424E-9DF9-6C785D709507}.Release|Any CPU.ActiveCfg = Release|Any CPU
		{9A07A084-A49D-424E-9DF9-6C785D709507}.Release|Any CPU.Build.0 = Release|Any CPU
		{B85B6952-1A24-4DDE-98EF-7B0BE1DAEC02}.Debug|Any CPU.ActiveCfg = Debug|Any CPU
		{B85B6952-1A24-4DDE-98EF-7B0BE1DAEC02}.Debug|Any CPU.Build.0 = Debug|Any CPU
		{B85B6952-1A24-4DDE-98EF-7B0BE1DAEC02}.Release|Any CPU.ActiveCfg = Release|Any CPU
		{B85B6952-1A24-4DDE-98EF-7B0BE1DAEC02}.Release|Any CPU.Build.0 = Release|Any CPU
		{04C08CBF-98DB-459E-A28C-1B2730C104AD}.Debug|Any CPU.ActiveCfg = Debug|Any CPU
		{04C08CBF-98DB-459E-A28C-1B2730C104AD}.Debug|Any CPU.Build.0 = Debug|Any CPU
		{04C08CBF-98DB-459E-A28C-1B2730C104AD}.Release|Any CPU.ActiveCfg = Release|Any CPU
		{04C08CBF-98DB-459E-A28C-1B2730C104AD}.Release|Any CPU.Build.0 = Release|Any CPU
	EndGlobalSection
	GlobalSection(SolutionProperties) = preSolution
		HideSolutionNode = FALSE
	EndGlobalSection
EndGlobal
